
Microsoft Visual Studio Solution File, Format Version 12.00
# Visual Studio Version 17
VisualStudioVersion = 17.14.36811.4 d17.14
MinimumVisualStudioVersion = 10.0.40219.1
Project("{FAE04EC0-301F-11D3-BF4B-00C04F79EFBC}") = "NanoDMSBackendService", "NanoDMSBackendService\NanoDMSBackendService.csproj", "{66B50C70-8DD7-4D9D-BEC6-E5830C779ED5}"
EndProject
Project("{FAE04EC0-301F-11D3-BF4B-00C04F79EFBC}") = "NanoDMSAuthService", "NanoDMSAuthService\NanoDMSAuthService.csproj", "{DFFA8ACE-DAE4-4C15-9617-F4E85FAA4576}"
EndProject
Project("{FAE04EC0-301F-11D3-BF4B-00C04F79EFBC}") = "NanoDMSSharedLibrary", "NanoDMSSharedLibrary\NanoDMSSharedLibrary.csproj", "{D424F18A-4427-4B83-9C29-261D0A6025DC}"
EndProject
Global
	GlobalSection(SolutionConfigurationPlatforms) = preSolution
		Debug|Any CPU = Debug|Any CPU
		Release|Any CPU = Release|Any CPU
	EndGlobalSection
	GlobalSection(ProjectConfigurationPlatforms) = postSolution
		{66B50C70-8DD7-4D9D-BEC6-E5830C779ED5}.Debug|Any CPU.ActiveCfg = Debug|Any CPU
		{66B50C70-8DD7-4D9D-BEC6-E5830C779ED5}.Debug|Any CPU.Build.0 = Debug|Any CPU
		{66B50C70-8DD7-4D9D-BEC6-E5830C779ED5}.Release|Any CPU.ActiveCfg = Release|Any CPU
		{66B50C70-8DD7-4D9D-BEC6-E5830C779ED5}.Release|Any CPU.Build.0 = Release|Any CPU
		{DFFA8ACE-DAE4-4C15-9617-F4E85FAA4576}.Debug|Any CPU.ActiveCfg = Debug|Any CPU
		{DFFA8ACE-DAE4-4C15-9617-F4E85FAA4576}.Debug|Any CPU.Build.0 = Debug|Any CPU
		{DFFA8ACE-DAE4-4C15-9617-F4E85FAA4576}.Release|Any CPU.ActiveCfg = Release|Any CPU
		{DFFA8ACE-DAE4-4C15-9617-F4E85FAA4576}.Release|Any CPU.Build.0 = Release|Any CPU
		{D424F18A-4427-4B83-9C29-261D0A6025DC}.Debug|Any CPU.ActiveCfg = Debug|Any CPU
		{D424F18A-4427-4B83-9C29-261D0A6025DC}.Debug|Any CPU.Build.0 = Debug|Any CPU
		{D424F18A-4427-4B83-9C29-261D0A6025DC}.Release|Any CPU.ActiveCfg = Release|Any CPU
		{D424F18A-4427-4B83-9C29-261D0A6025DC}.Release|Any CPU.Build.0 = Release|Any CPU
	EndGlobalSection
	GlobalSection(SolutionProperties) = preSolution
		HideSolutionNode = FALSE
	EndGlobalSection
	GlobalSection(ExtensibilityGlobals) = postSolution
		SolutionGuid = {7376C735-43E6-455D-BE06-D20A3667655F}
	EndGlobalSection
EndGlobal
